{"version":4,"terraform_version":"1.10.7","serial":1,"lineage":"01863e1e-95c0-2377-b426-0756d2e56695","outputs":{},"resources":[{"mode":"managed","type":"aws_s3_bucket","name":"remote-state","provider":"provider[\"registry.opentofu.org/hashicorp/aws\"]","instances":[{"schema_version":0,"attributes":{"acceleration_status":"","acl":null,"arn":"arn:aws:s3:::onward-journey-infrastructure-state","bucket":"onward-journey-infrastructure-state","bucket_domain_name":"onward-journey-infrastructure-state.s3.amazonaws.com","bucket_prefix":"","bucket_region":"eu-west-2","bucket_regional_domain_name":"onward-journey-infrastructure-state.s3.eu-west-2.amazonaws.com","cors_rule":[],"force_destroy":false,"grant":[{"id":"d4bad1d1c5ec1733336681016bb05abeb5010cea4fe6c74931e1e9fb07f60817","permissions":["FULL_CONTROL"],"type":"CanonicalUser","uri":""}],"hosted_zone_id":"Z3GKZC51ZF0DB4","id":"onward-journey-infrastructure-state","lifecycle_rule":[],"logging":[],"object_lock_configuration":[],"object_lock_enabled":false,"policy":"","region":"eu-west-2","replication_configuration":[],"request_payer":"BucketOwner","server_side_encryption_configuration":[{"rule":[{"apply_server_side_encryption_by_default":[{"kms_master_key_id":"","sse_algorithm":"AES256"}],"bucket_key_enabled":false}]}],"tags":null,"tags_all":{"Team":"GOV.UK Agents Onward Journey"},"timeouts":null,"versioning":[{"enabled":false,"mfa_delete":false}],"website":[],"website_domain":null,"website_endpoint":null},"sensitive_attributes":[],"private":"eyJlMmJmYjczMC1lY2FhLTExZTYtOGY4OC0zNDM2M2JjN2M0YzAiOnsiY3JlYXRlIjoxMjAwMDAwMDAwMDAwLCJkZWxldGUiOjM2MDAwMDAwMDAwMDAsInJlYWQiOjEyMDAwMDAwMDAwMDAsInVwZGF0ZSI6MTIwMDAwMDAwMDAwMH19"}]}],"check_results":null}
